
Microsoft Visual Studio Solution File, Format Version 12.00
# Visual Studio Version 17
VisualStudioVersion = 17.14.36301.6 d17.14
MinimumVisualStudioVersion = 10.0.40219.1
Project("{FAE04EC0-301F-11D3-BF4B-00C04F79EFBC}") = "Assignment 04", "Assignment 04\Assignment 04.csproj", "{0F965C07-6BB9-4E78-BC1A-921C762019EE}"
EndProject
Global
	GlobalSection(SolutionConfigurationPlatforms) = preSolution
		Debug|Any CPU = Debug|Any CPU
		Release|Any CPU = Release|Any CPU
	EndGlobalSection
	GlobalSection(ProjectConfigurationPlatforms) = postSolution
		{0F965C07-6BB9-4E78-BC1A-921C762019EE}.Debug|Any CPU.ActiveCfg = Debug|Any CPU
		{0F965C07-6BB9-4E78-BC1A-921C762019EE}.Debug|Any CPU.Build.0 = Debug|Any CPU
		{0F965C07-6BB9-4E78-BC1A-921C762019EE}.Release|Any CPU.ActiveCfg = Release|Any CPU
		{0F965C07-6BB9-4E78-BC1A-921C762019EE}.Release|Any CPU.Build.0 = Release|Any CPU
	EndGlobalSection
	GlobalSection(SolutionProperties) = preSolution
		HideSolutionNode = FALSE
	EndGlobalSection
	GlobalSection(ExtensibilityGlobals) = postSolution
		SolutionGuid = {DFBA1238-700C-485E-A600-2D83ED2B5B81}
	EndGlobalSection
EndGlobal
